
Microsoft Visual Studio Solution File, Format Version 12.00
# Visual Studio Version 17
VisualStudioVersion = 17.5.002.0
MinimumVisualStudioVersion = 10.0.40219.1
Project("{9A19103F-16F7-4668-BE54-9A1E7A4F7556}") = "FormAPI", "FormAPI.csproj", "{BFDE1033-2566-42FF-AD4A-13CFF6C4F768}"
EndProject
Global
	GlobalSection(SolutionConfigurationPlatforms) = preSolution
		Debug|Any CPU = Debug|Any CPU
		Release|Any CPU = Release|Any CPU
	EndGlobalSection
	GlobalSection(ProjectConfigurationPlatforms) = postSolution
		{BFDE1033-2566-42FF-AD4A-13CFF6C4F768}.Debug|Any CPU.ActiveCfg = Debug|Any CPU
		{BFDE1033-2566-42FF-AD4A-13CFF6C4F768}.Debug|Any CPU.Build.0 = Debug|Any CPU
		{BFDE1033-2566-42FF-AD4A-13CFF6C4F768}.Release|Any CPU.ActiveCfg = Release|Any CPU
		{BFDE1033-2566-42FF-AD4A-13CFF6C4F768}.Release|Any CPU.Build.0 = Release|Any CPU
	EndGlobalSection
	GlobalSection(SolutionProperties) = preSolution
		HideSolutionNode = FALSE
	EndGlobalSection
	GlobalSection(ExtensibilityGlobals) = postSolution
		SolutionGuid = {A3382454-99A6-439B-80EC-5F06EDF16332}
	EndGlobalSection
EndGlobal
