
Microsoft Visual Studio Solution File, Format Version 12.00
# Visual Studio Version 17
VisualStudioVersion = 17.7.34221.43
MinimumVisualStudioVersion = 10.0.40219.1
Project("{FAE04EC0-301F-11D3-BF4B-00C04F79EFBC}") = "FormAPI", "FormAPI\FormAPI.csproj", "{065ADC9B-BCE6-431D-A00A-CDF7EA47B87F}"
EndProject
Global
	GlobalSection(SolutionConfigurationPlatforms) = preSolution
		Debug|Any CPU = Debug|Any CPU
		Release|Any CPU = Release|Any CPU
	EndGlobalSection
	GlobalSection(ProjectConfigurationPlatforms) = postSolution
		{065ADC9B-BCE6-431D-A00A-CDF7EA47B87F}.Debug|Any CPU.ActiveCfg = Debug|Any CPU
		{065ADC9B-BCE6-431D-A00A-CDF7EA47B87F}.Debug|Any CPU.Build.0 = Debug|Any CPU
		{065ADC9B-BCE6-431D-A00A-CDF7EA47B87F}.Release|Any CPU.ActiveCfg = Release|Any CPU
		{065ADC9B-BCE6-431D-A00A-CDF7EA47B87F}.Release|Any CPU.Build.0 = Release|Any CPU
	EndGlobalSection
	GlobalSection(SolutionProperties) = preSolution
		HideSolutionNode = FALSE
	EndGlobalSection
	GlobalSection(ExtensibilityGlobals) = postSolution
		SolutionGuid = {FE95E760-E33D-4464-921E-1FB150A198E6}
	EndGlobalSection
EndGlobal
